// !$*UTF8*$!
{
	archiveVersion = 1;
	classes = {};
	objectVersion = 56;
	objects = {
		A40D7DCF3FC406BEED5B0530 = { isa = PBXFileReference; lastKnownFileType = sourcecode.swift; path = "CharacterView.swift"; sourceTree = "<group>"; };
		96FD87FD218267B10F7BC270 = { isa = PBXFileReference; lastKnownFileType = sourcecode.swift; path = "Coordinator.swift"; sourceTree = "<group>"; };
		5D518F6B9B035E86C5551680 = { isa = PBXFileReference; lastKnownFileType = sourcecode.swift; path = "Main.swift"; sourceTree = "<group>"; };
		575A30B20FA00ADBC8A3B084 = { isa = PBXFileReference; lastKnownFileType = sourcecode.swift; path = "PetController.swift"; sourceTree = "<group>"; };
		89A85ABFDB5C6D7092B6CD29 = { isa = PBXFileReference; lastKnownFileType = sourcecode.swift; path = "Views.swift"; sourceTree = "<group>"; };
		FC233BDA2344D97687F5A251 = { isa = PBXGroup; name = "App"; path = "Sources/DSHAlwaysOn"; children = (A40D7DCF3FC406BEED5B0530, 96FD87FD218267B10F7BC270, 5D518F6B9B035E86C5551680, 575A30B20FA00ADBC8A3B084, 89A85ABFDB5C6D7092B6CD29, ); sourceTree = "<group>"; };
		C055621D7DCE17C5B026B222 = { isa = PBXFileReference; lastKnownFileType = sourcecode.swift; path = "IntegrationPatchTests.swift"; sourceTree = "<group>"; };
		72CD664038A9E7CD08FB95B5 = { isa = PBXFileReference; lastKnownFileType = sourcecode.swift; path = "SessionStoreTests.swift"; sourceTree = "<group>"; };
		C4E2E7F217DE3642E7714F4E = { isa = PBXGroup; name = "Tests"; path = "Tests/CompanionCoreTests"; children = (C055621D7DCE17C5B026B222, 72CD664038A9E7CD08FB95B5, ); sourceTree = "<group>"; };
		C45558A843B9098FC118ABD8 = { isa = PBXFileReference; lastKnownFileType = folder.assetcatalog; path = "Assets.xcassets"; sourceTree = "<group>"; };
		E259E2FDC46F29A2016BC922 = { isa = PBXFileReference; lastKnownFileType = folder; path = "characters"; sourceTree = "<group>"; };
		5BA2240E9B75C7BC66864D2B = { isa = PBXFileReference; lastKnownFileType = text.plist.xml; path = "Info.plist"; sourceTree = "<group>"; };
		DE4D1224A6DDC8F54558560F = { isa = PBXGroup; name = "Resources"; path = "Resources"; children = (C45558A843B9098FC118ABD8, E259E2FDC46F29A2016BC922, 5BA2240E9B75C7BC66864D2B, ); sourceTree = "<group>"; };
		7AB130243179ACBB72FF1B23 = { isa = PBXFileReference; lastKnownFileType = sourcecode.typescript; path = "src/index.ts"; sourceTree = "<group>"; };
		AEC3DEA2079231A8FE50CD6B = { isa = PBXFileReference; lastKnownFileType = sourcecode.typescript; path = "src/client.ts"; sourceTree = "<group>"; };
		5B1AB4722602CF317ED8C112 = { isa = PBXFileReference; lastKnownFileType = sourcecode.typescript; path = "src/bridge.ts"; sourceTree = "<group>"; };
		3EDBD99FC6AD1C29B2648777 = { isa = PBXFileReference; lastKnownFileType = sourcecode.typescript; path = "src/model.ts"; sourceTree = "<group>"; };
		82F5B405CB0D9CCF3F4F19A3 = { isa = PBXFileReference; lastKnownFileType = sourcecode.typescript; path = "src/navigation.ts"; sourceTree = "<group>"; };
		042F07468A22B5948081049C = { isa = PBXFileReference; lastKnownFileType = text.json; path = "package.json"; sourceTree = "<group>"; };
		39872B84F26075609F30A25B = { isa = PBXFileReference; lastKnownFileType = sourcecode.javascript; path = "build.mjs"; sourceTree = "<group>"; };
		8C2BBD7CF93473ED2D91FED5 = { isa = PBXGroup; name = "DSH Plugin"; path = "../plugin"; children = (7AB130243179ACBB72FF1B23, AEC3DEA2079231A8FE50CD6B, 5B1AB4722602CF317ED8C112, 3EDBD99FC6AD1C29B2648777, 82F5B405CB0D9CCF3F4F19A3, 042F07468A22B5948081049C, 39872B84F26075609F30A25B, ); sourceTree = "<group>"; };
		FC051FB261C70BBB0C45D347 = { isa = PBXFileReference; lastKnownFileType = sourcecode.swift; path = "Package.swift"; sourceTree = "<group>"; };
		76860D76006FB07D91C66CCB = { isa = PBXFileReference; lastKnownFileType = text.script.sh; path = "../scripts/xcode-bundle-plugin.sh"; sourceTree = "<group>"; };
		681C948D238C526E9E3424E0 = { isa = PBXFileReference; explicitFileType = wrapper.application; includeInIndex = 0; path = "DSH Always On.app"; sourceTree = BUILT_PRODUCTS_DIR; };
		F739566ED5280322FF98A798 = { isa = PBXFileReference; explicitFileType = wrapper.cfbundle; includeInIndex = 0; path = DSHAlwaysOnTests.xctest; sourceTree = BUILT_PRODUCTS_DIR; };
		CB00D889DA9E2BC4A36341DA = { isa = PBXGroup; name = "Products"; children = (681C948D238C526E9E3424E0, F739566ED5280322FF98A798, ); sourceTree = "<group>"; };
		19F479106CE8C3BA8C106518 = { isa = PBXGroup; name = "DSH Always On"; children = (FC233BDA2344D97687F5A251, DE4D1224A6DDC8F54558560F, C4E2E7F217DE3642E7714F4E, 8C2BBD7CF93473ED2D91FED5, FC051FB261C70BBB0C45D347, 76860D76006FB07D91C66CCB, CB00D889DA9E2BC4A36341DA, ); sourceTree = "<group>"; };
		4C62EC40DF63DF0873D128AE = { isa = XCLocalSwiftPackageReference; relativePath = "."; };
		0DA9280C325F4ED6EE9ECED2 = { isa = XCSwiftPackageProductDependency; package = 4C62EC40DF63DF0873D128AE; productName = CompanionCore; };
		C198DBA44DC479D00B559740 = { isa = XCSwiftPackageProductDependency; package = 4C62EC40DF63DF0873D128AE; productName = CompanionCore; };
		D339CF5894C0BCB282B9E03A = { isa = PBXBuildFile; fileRef = A40D7DCF3FC406BEED5B0530; };
		751C819D2BB2135FBFD4A286 = { isa = PBXBuildFile; fileRef = 96FD87FD218267B10F7BC270; };
		23CA0623B79DE320AAE47B55 = { isa = PBXBuildFile; fileRef = 5D518F6B9B035E86C5551680; };
		AA099285C7107B97AC637E0D = { isa = PBXBuildFile; fileRef = 575A30B20FA00ADBC8A3B084; };
		74C2D5C32CADB3D6800C1F37 = { isa = PBXBuildFile; fileRef = 89A85ABFDB5C6D7092B6CD29; };
		AFF87A50730392B6633ACECE = { isa = PBXSourcesBuildPhase; buildActionMask = 2147483647; files = (D339CF5894C0BCB282B9E03A, 751C819D2BB2135FBFD4A286, 23CA0623B79DE320AAE47B55, AA099285C7107B97AC637E0D, 74C2D5C32CADB3D6800C1F37, ); runOnlyForDeploymentPostprocessing = 0; };
		423EBFC842EA72FAB7A4F489 = { isa = PBXBuildFile; fileRef = C055621D7DCE17C5B026B222; };
		CBB9D86C1C47EE6D12BBBB55 = { isa = PBXBuildFile; fileRef = 72CD664038A9E7CD08FB95B5; };
		DEE94446A282611C16F7781C = { isa = PBXSourcesBuildPhase; buildActionMask = 2147483647; files = (423EBFC842EA72FAB7A4F489, CBB9D86C1C47EE6D12BBBB55, ); runOnlyForDeploymentPostprocessing = 0; };
		6986BAA779A618D88E367C47 = { isa = PBXBuildFile; productRef = 0DA9280C325F4ED6EE9ECED2; };
		7A4C2DC8FCA657188648E999 = { isa = PBXFrameworksBuildPhase; buildActionMask = 2147483647; files = (6986BAA779A618D88E367C47, ); runOnlyForDeploymentPostprocessing = 0; };
		2E8F287DEC5360F79C410691 = { isa = PBXBuildFile; productRef = C198DBA44DC479D00B559740; };
		B10CDED79664567B030B2B4F = { isa = PBXFrameworksBuildPhase; buildActionMask = 2147483647; files = (2E8F287DEC5360F79C410691, ); runOnlyForDeploymentPostprocessing = 0; };
		A05F73FD5D200D009BE15F5A = { isa = PBXBuildFile; fileRef = C45558A843B9098FC118ABD8; };
		723B4C7904F56F32668F5AB6 = { isa = PBXBuildFile; fileRef = E259E2FDC46F29A2016BC922; };
		F9187E824FE171A6F0EFAE28 = { isa = PBXResourcesBuildPhase; buildActionMask = 2147483647; files = (A05F73FD5D200D009BE15F5A, 723B4C7904F56F32668F5AB6, ); runOnlyForDeploymentPostprocessing = 0; };
		1F030AB36D1A3A4389CF71AE = { isa = PBXResourcesBuildPhase; buildActionMask = 2147483647; files = (); runOnlyForDeploymentPostprocessing = 0; };
		89A3B51022F9689B1F70F296 = { isa = PBXShellScriptBuildPhase; alwaysOutOfDate = 1; buildActionMask = 2147483647; files = (); inputPaths = ("$(PROJECT_DIR)/../plugin", "$(PROJECT_DIR)/../scripts/xcode-bundle-plugin.sh", "/opt/homebrew/bin/node", ); outputPaths = ("$(PROJECT_DIR)/../plugin/lib", "$(PROJECT_DIR)/../plugin/lib/index.js", "$(PROJECT_DIR)/../plugin/lib/client.js", "$(PROJECT_DIR)/../plugin/lib/model.js", "$(PROJECT_DIR)/../plugin/lib/bridge.js", "$(PROJECT_DIR)/../plugin/lib/navigation.js", "$(PROJECT_DIR)/../plugin/lib/view.js", "$(TARGET_BUILD_DIR)/$(UNLOCALIZED_RESOURCES_FOLDER_PATH)/plugin", "$(TARGET_BUILD_DIR)/$(UNLOCALIZED_RESOURCES_FOLDER_PATH)/plugin/lib", "$(TARGET_BUILD_DIR)/$(UNLOCALIZED_RESOURCES_FOLDER_PATH)/plugin/package.json", "$(TARGET_BUILD_DIR)/$(UNLOCALIZED_RESOURCES_FOLDER_PATH)/plugin/lib/index.js", "$(TARGET_BUILD_DIR)/$(UNLOCALIZED_RESOURCES_FOLDER_PATH)/plugin/lib/client.js", ); name = "Build and Embed DSH Plugin"; runOnlyForDeploymentPostprocessing = 0; shellPath = /bin/bash; shellScript = "bash \"$PROJECT_DIR/../scripts/xcode-bundle-plugin.sh\"\n"; };
		488864B3D19480A82F7F1786 = { isa = XCBuildConfiguration; buildSettings = { CLANG_ENABLE_MODULES = "YES"; MACOSX_DEPLOYMENT_TARGET = "14.0"; SDKROOT = "macosx"; SWIFT_VERSION = "5.0"; ENABLE_USER_SCRIPT_SANDBOXING = "YES"; DEBUG_INFORMATION_FORMAT = "dwarf"; ENABLE_TESTABILITY = "YES"; ONLY_ACTIVE_ARCH = "YES"; SWIFT_OPTIMIZATION_LEVEL = "-Onone"; SWIFT_ACTIVE_COMPILATION_CONDITIONS = "DEBUG $(inherited)"; }; name = Debug; };
		35B1014F135DE9B45529B733 = { isa = XCBuildConfiguration; buildSettings = { CLANG_ENABLE_MODULES = "YES"; MACOSX_DEPLOYMENT_TARGET = "14.0"; SDKROOT = "macosx"; SWIFT_VERSION = "5.0"; ENABLE_USER_SCRIPT_SANDBOXING = "YES"; DEBUG_INFORMATION_FORMAT = "dwarf-with-dsym"; SWIFT_COMPILATION_MODE = "wholemodule"; SWIFT_OPTIMIZATION_LEVEL = "-O"; }; name = Release; };
		B4E10CAA9C5E22150B71559C = { isa = XCConfigurationList; buildConfigurations = (488864B3D19480A82F7F1786, 35B1014F135DE9B45529B733, ); defaultConfigurationIsVisible = 0; defaultConfigurationName = Release; };
		2A04C20BF6D5C20A63A1D4CC = { isa = XCBuildConfiguration; buildSettings = { ASSETCATALOG_COMPILER_APPICON_NAME = "AppIcon"; CODE_SIGN_IDENTITY = "-"; CODE_SIGN_STYLE = "Manual"; CURRENT_PROJECT_VERSION = "1"; MARKETING_VERSION = "0.1.0"; GENERATE_INFOPLIST_FILE = "NO"; INFOPLIST_FILE = "Resources/Info.plist"; LD_RUNPATH_SEARCH_PATHS = "$(inherited) @executable_path/../Frameworks"; PRODUCT_BUNDLE_IDENTIFIER = "dev.jeffrey.dsh-always-on"; PRODUCT_NAME = "DSH Always On"; SWIFT_EMIT_LOC_STRINGS = "YES"; ENABLE_HARDENED_RUNTIME = "NO"; }; name = Debug; };
		E28089EB494F94D6F9770EC2 = { isa = XCBuildConfiguration; buildSettings = { ASSETCATALOG_COMPILER_APPICON_NAME = "AppIcon"; CODE_SIGN_IDENTITY = "-"; CODE_SIGN_STYLE = "Manual"; CURRENT_PROJECT_VERSION = "1"; MARKETING_VERSION = "0.1.0"; GENERATE_INFOPLIST_FILE = "NO"; INFOPLIST_FILE = "Resources/Info.plist"; LD_RUNPATH_SEARCH_PATHS = "$(inherited) @executable_path/../Frameworks"; PRODUCT_BUNDLE_IDENTIFIER = "dev.jeffrey.dsh-always-on"; PRODUCT_NAME = "DSH Always On"; SWIFT_EMIT_LOC_STRINGS = "YES"; ENABLE_HARDENED_RUNTIME = "YES"; }; name = Release; };
		7BCEE9A04133D8A2FED7D4D3 = { isa = XCConfigurationList; buildConfigurations = (2A04C20BF6D5C20A63A1D4CC, E28089EB494F94D6F9770EC2, ); defaultConfigurationIsVisible = 0; defaultConfigurationName = Release; };
		88B88E0179E3F72210D21B33 = { isa = XCBuildConfiguration; buildSettings = { CODE_SIGN_IDENTITY = "-"; CODE_SIGN_STYLE = "Manual"; GENERATE_INFOPLIST_FILE = "YES"; LD_RUNPATH_SEARCH_PATHS = "$(inherited) @loader_path/../Frameworks"; PRODUCT_BUNDLE_IDENTIFIER = "dev.jeffrey.dsh-always-on.tests"; PRODUCT_NAME = "$(TARGET_NAME)"; ENABLE_TESTING_SEARCH_PATHS = "YES"; }; name = Debug; };
		A8A9BF34DBF8F1867F207864 = { isa = XCBuildConfiguration; buildSettings = { CODE_SIGN_IDENTITY = "-"; CODE_SIGN_STYLE = "Manual"; GENERATE_INFOPLIST_FILE = "YES"; LD_RUNPATH_SEARCH_PATHS = "$(inherited) @loader_path/../Frameworks"; PRODUCT_BUNDLE_IDENTIFIER = "dev.jeffrey.dsh-always-on.tests"; PRODUCT_NAME = "$(TARGET_NAME)"; ENABLE_TESTING_SEARCH_PATHS = "YES"; }; name = Release; };
		AD7020964E1E033F765FE484 = { isa = XCConfigurationList; buildConfigurations = (88B88E0179E3F72210D21B33, A8A9BF34DBF8F1867F207864, ); defaultConfigurationIsVisible = 0; defaultConfigurationName = Release; };
		C1E9827DB735CA9BAA54A540 = { isa = PBXNativeTarget; buildConfigurationList = 7BCEE9A04133D8A2FED7D4D3; buildPhases = (AFF87A50730392B6633ACECE, 7A4C2DC8FCA657188648E999, F9187E824FE171A6F0EFAE28, 89A3B51022F9689B1F70F296, ); buildRules = (); dependencies = (); name = DSHAlwaysOn; packageProductDependencies = (0DA9280C325F4ED6EE9ECED2, ); productName = "DSH Always On"; productReference = 681C948D238C526E9E3424E0; productType = "com.apple.product-type.application"; };
		9805CBD60EB4F66728D5D195 = { isa = PBXNativeTarget; buildConfigurationList = AD7020964E1E033F765FE484; buildPhases = (DEE94446A282611C16F7781C, B10CDED79664567B030B2B4F, 1F030AB36D1A3A4389CF71AE, ); buildRules = (); dependencies = (); name = DSHAlwaysOnTests; packageProductDependencies = (C198DBA44DC479D00B559740, ); productName = DSHAlwaysOnTests; productReference = F739566ED5280322FF98A798; productType = "com.apple.product-type.bundle.unit-test"; };
		244210E48437B6556980A702 = { isa = PBXProject; attributes = { BuildIndependentTargetsInParallel = YES; LastUpgradeCheck = 2700; LastSwiftUpdateCheck = 2700; TargetAttributes = { C1E9827DB735CA9BAA54A540 = { CreatedOnToolsVersion = 27.0; }; 9805CBD60EB4F66728D5D195 = { CreatedOnToolsVersion = 27.0; }; }; }; buildConfigurationList = B4E10CAA9C5E22150B71559C; compatibilityVersion = "Xcode 14.0"; developmentRegion = en; hasScannedForEncodings = 0; knownRegions = (en, Base, zh-Hans); mainGroup = 19F479106CE8C3BA8C106518; packageReferences = (4C62EC40DF63DF0873D128AE, ); productRefGroup = CB00D889DA9E2BC4A36341DA; projectDirPath = ""; projectRoot = ""; targets = (C1E9827DB735CA9BAA54A540, 9805CBD60EB4F66728D5D195, ); };
	};
	rootObject = 244210E48437B6556980A702;
}
